
Microsoft Visual Studio Solution File, Format Version 12.00
# Visual Studio Version 16
VisualStudioVersion = 16.0.32413.511
MinimumVisualStudioVersion = 10.0.40219.1
Project("{FAE04EC0-301F-11D3-BF4B-00C04F79EFBC}") = "Examen 2M2-IS_Presentation", "Examen 2M2-IS\Examen 2M2-IS_Presentation.csproj", "{052525EE-16A9-4B78-B111-D8799F3BE3BE}"
EndProject
Project("{FAE04EC0-301F-11D3-BF4B-00C04F79EFBC}") = "Domain", "Domain\Domain.csproj", "{BC0623BC-38FE-4758-AB6B-2117ADA42084}"
EndProject
Project("{FAE04EC0-301F-11D3-BF4B-00C04F79EFBC}") = "Infraestructure", "Infraestructure\Infraestructure.csproj", "{54588FC7-C3EF-468E-829B-786936CABF1C}"
EndProject
Project("{FAE04EC0-301F-11D3-BF4B-00C04F79EFBC}") = "AppCore", "AppCore\AppCore.csproj", "{FCFAA552-E848-4ABE-B1F9-0CD89180FA14}"
EndProject
Project("{FAE04EC0-301F-11D3-BF4B-00C04F79EFBC}") = "Common", "Common\Common.csproj", "{A06AB8A2-C9D7-4F44-AE1F-89019826AF5D}"
EndProject
Global
	GlobalSection(SolutionConfigurationPlatforms) = preSolution
		Debug|Any CPU = Debug|Any CPU
		Release|Any CPU = Release|Any CPU
	EndGlobalSection
	GlobalSection(ProjectConfigurationPlatforms) = postSolution
		{052525EE-16A9-4B78-B111-D8799F3BE3BE}.Debug|Any CPU.ActiveCfg = Debug|Any CPU
		{052525EE-16A9-4B78-B111-D8799F3BE3BE}.Debug|Any CPU.Build.0 = Debug|Any CPU
		{052525EE-16A9-4B78-B111-D8799F3BE3BE}.Release|Any CPU.ActiveCfg = Release|Any CPU
		{052525EE-16A9-4B78-B111-D8799F3BE3BE}.Release|Any CPU.Build.0 = Release|Any CPU
		{BC0623BC-38FE-4758-AB6B-2117ADA42084}.Debug|Any CPU.ActiveCfg = Debug|Any CPU
		{BC0623BC-38FE-4758-AB6B-2117ADA42084}.Debug|Any CPU.Build.0 = Debug|Any CPU
		{BC0623BC-38FE-4758-AB6B-2117ADA42084}.Release|Any CPU.ActiveCfg = Release|Any CPU
		{BC0623BC-38FE-4758-AB6B-2117ADA42084}.Release|Any CPU.Build.0 = Release|Any CPU
		{54588FC7-C3EF-468E-829B-786936CABF1C}.Debug|Any CPU.ActiveCfg = Debug|Any CPU
		{54588FC7-C3EF-468E-829B-786936CABF1C}.Debug|Any CPU.Build.0 = Debug|Any CPU
		{54588FC7-C3EF-468E-829B-786936CABF1C}.Release|Any CPU.ActiveCfg = Release|Any CPU
		{54588FC7-C3EF-468E-829B-786936CABF1C}.Release|Any CPU.Build.0 = Release|Any CPU
		{FCFAA552-E848-4ABE-B1F9-0CD89180FA14}.Debug|Any CPU.ActiveCfg = Debug|Any CPU
		{FCFAA552-E848-4ABE-B1F9-0CD89180FA14}.Debug|Any CPU.Build.0 = Debug|Any CPU
		{FCFAA552-E848-4ABE-B1F9-0CD89180FA14}.Release|Any CPU.ActiveCfg = Release|Any CPU
		{FCFAA552-E848-4ABE-B1F9-0CD89180FA14}.Release|Any CPU.Build.0 = Release|Any CPU
		{A06AB8A2-C9D7-4F44-AE1F-89019826AF5D}.Debug|Any CPU.ActiveCfg = Debug|Any CPU
		{A06AB8A2-C9D7-4F44-AE1F-89019826AF5D}.Debug|Any CPU.Build.0 = Debug|Any CPU
		{A06AB8A2-C9D7-4F44-AE1F-89019826AF5D}.Release|Any CPU.ActiveCfg = Release|Any CPU
		{A06AB8A2-C9D7-4F44-AE1F-89019826AF5D}.Release|Any CPU.Build.0 = Release|Any CPU
	EndGlobalSection
	GlobalSection(SolutionProperties) = preSolution
		HideSolutionNode = FALSE
	EndGlobalSection
	GlobalSection(ExtensibilityGlobals) = postSolution
		SolutionGuid = {1FB08669-49E1-4A17-97EE-9D343CFA1427}
	EndGlobalSection
EndGlobal
